
Microsoft Visual Studio Solution File, Format Version 12.00
# Visual Studio Version 17
VisualStudioVersion = 17.1.32210.238
MinimumVisualStudioVersion = 10.0.40219.1
Project("{FAE04EC0-301F-11D3-BF4B-00C04F79EFBC}") = "ProjetoElevador", "ProjetoElevador\ProjetoElevador.csproj", "{01DABC0D-3DA4-4A88-9E61-5A82291EFA57}"
EndProject
Global
	GlobalSection(SolutionConfigurationPlatforms) = preSolution
		Debug|Any CPU = Debug|Any CPU
		Release|Any CPU = Release|Any CPU
	EndGlobalSection
	GlobalSection(ProjectConfigurationPlatforms) = postSolution
		{01DABC0D-3DA4-4A88-9E61-5A82291EFA57}.Debug|Any CPU.ActiveCfg = Debug|Any CPU
		{01DABC0D-3DA4-4A88-9E61-5A82291EFA57}.Debug|Any CPU.Build.0 = Debug|Any CPU
		{01DABC0D-3DA4-4A88-9E61-5A82291EFA57}.Release|Any CPU.ActiveCfg = Release|Any CPU
		{01DABC0D-3DA4-4A88-9E61-5A82291EFA57}.Release|Any CPU.Build.0 = Release|Any CPU
	EndGlobalSection
	GlobalSection(SolutionProperties) = preSolution
		HideSolutionNode = FALSE
	EndGlobalSection
	GlobalSection(ExtensibilityGlobals) = postSolution
		SolutionGuid = {98E3CF6E-62AF-4E18-9A62-92AE3C9C3F5D}
	EndGlobalSection
EndGlobal
